<Solution>
  <Project Path="../ImitationOnlineOrderingDatabase/ImitationOnlineOrderingDatabase/ImitationOnlineOrderingDatabase.sqlproj" Id="32a6afda-eb9c-4e58-bc52-23dad9a5d478">
    <Build />
    <Deploy />
  </Project>
  <Project Path="identity-client-web-app/identity-client-web-app.csproj" />
  <Project Path="ImitationOnlineOrdering/ImitationOnlineOrdering.csproj" />
</Solution>
